
Microsoft Visual Studio Solution File, Format Version 12.00
# Visual Studio Version 17
VisualStudioVersion = 17.4.33205.214
MinimumVisualStudioVersion = 10.0.40219.1
Project("{FAE04EC0-301F-11D3-BF4B-00C04F79EFBC}") = "Login", "Login\Login.csproj", "{C22821A4-789C-4162-9EC8-F0DC96609310}"
EndProject
Global
	GlobalSection(SolutionConfigurationPlatforms) = preSolution
		Debug|Any CPU = Debug|Any CPU
		Release|Any CPU = Release|Any CPU
	EndGlobalSection
	GlobalSection(ProjectConfigurationPlatforms) = postSolution
		{C22821A4-789C-4162-9EC8-F0DC96609310}.Debug|Any CPU.ActiveCfg = Debug|Any CPU
		{C22821A4-789C-4162-9EC8-F0DC96609310}.Debug|Any CPU.Build.0 = Debug|Any CPU
		{C22821A4-789C-4162-9EC8-F0DC96609310}.Release|Any CPU.ActiveCfg = Release|Any CPU
		{C22821A4-789C-4162-9EC8-F0DC96609310}.Release|Any CPU.Build.0 = Release|Any CPU
	EndGlobalSection
	GlobalSection(SolutionProperties) = preSolution
		HideSolutionNode = FALSE
	EndGlobalSection
	GlobalSection(ExtensibilityGlobals) = postSolution
		SolutionGuid = {1B1F73CA-B2AE-4675-B702-86D7028BF88D}
	EndGlobalSection
EndGlobal
